{
  "name": "frontend-wasm",
  "lockfileVersion": 2,
  "requires": true,
  "packages": {
    "": {
      "dependencies": {
        "yew-styles": "^0.10.3"
      }
    },
    "node_modules/yew-styles": {
      "version": "0.10.3",
      "resolved": "https://registry.npmjs.org/yew-styles/-/yew-styles-0.10.3.tgz",
      "integrity": "sha512-QirVXLyCJGqHUOtYSkyGs0u9sejqvKrN/+cAh7WbQ68+jIj8ZVKf8nrM3KF6L31BKo6gf0jVtGF481s4n6R7Ng=="
    }
  },
  "dependencies": {
    "yew-styles": {
      "version": "0.10.3",
      "resolved": "https://registry.npmjs.org/yew-styles/-/yew-styles-0.10.3.tgz",
      "integrity": "sha512-QirVXLyCJGqHUOtYSkyGs0u9sejqvKrN/+cAh7WbQ68+jIj8ZVKf8nrM3KF6L31BKo6gf0jVtGF481s4n6R7Ng=="
    }
  }
}
